
Microsoft Visual Studio Solution File, Format Version 11.00
# Visual Studio 2010
Project("{FAE04EC0-301F-11D3-BF4B-00C04F79EFBC}") = "ALMUpdate", "ALMUpdate\ALMUpdate.csproj", "{0F9A0702-1331-4818-B7FC-86FFA95F8DF4}"
EndProject
Global
	GlobalSection(SolutionConfigurationPlatforms) = preSolution
		Debug|x86 = Debug|x86
		Release|x86 = Release|x86
	EndGlobalSection
	GlobalSection(ProjectConfigurationPlatforms) = postSolution
		{0F9A0702-1331-4818-B7FC-86FFA95F8DF4}.Debug|x86.ActiveCfg = Debug|x86
		{0F9A0702-1331-4818-B7FC-86FFA95F8DF4}.Debug|x86.Build.0 = Debug|x86
		{0F9A0702-1331-4818-B7FC-86FFA95F8DF4}.Release|x86.ActiveCfg = Release|x86
		{0F9A0702-1331-4818-B7FC-86FFA95F8DF4}.Release|x86.Build.0 = Release|x86
	EndGlobalSection
	GlobalSection(SolutionProperties) = preSolution
		HideSolutionNode = FALSE
	EndGlobalSection
EndGlobal
